
Microsoft Visual Studio Solution File, Format Version 12.00
# Visual Studio 14
VisualStudioVersion = 14.0.24720.0
MinimumVisualStudioVersion = 10.0.40219.1
Project("{FAE04EC0-301F-11D3-BF4B-00C04F79EFBC}") = "Examples", "Examples\Examples.csproj", "{C78C6BBB-F333-4163-9F07-D4FA7A7145DB}"
EndProject
Project("{FAE04EC0-301F-11D3-BF4B-00C04F79EFBC}") = "RestBus.RabbitMQ", "Brokers\RabbitMQ\RestBus.RabbitMQ\RestBus.RabbitMQ.csproj", "{91B9078A-9DC7-4CF9-9FF7-BB3E5CF6D8EF}"
EndProject
Project("{FAE04EC0-301F-11D3-BF4B-00C04F79EFBC}") = "RestBus.ServiceStack", "Frameworks\ServiceStack\RestBus.ServiceStack\RestBus.ServiceStack.csproj", "{E25D3130-4551-4CDE-8918-441367667E52}"
EndProject
Project("{FAE04EC0-301F-11D3-BF4B-00C04F79EFBC}") = "RestBus.WebApi", "Frameworks\WebApi\RestBus.WebApi\RestBus.WebApi.csproj", "{ECCF6050-A89D-4570-8E1F-E524DA19EDC5}"
EndProject
Project("{FAE04EC0-301F-11D3-BF4B-00C04F79EFBC}") = "RestBus.Common", "Common\RestBus.Common\RestBus.Common.csproj", "{CA13AFF8-BE69-416C-9CF2-A8029F9AC60C}"
EndProject
Project("{8BB2217D-0F2D-49D1-97BC-3654ED321F3B}") = "RestBus.AspNet", "Frameworks\AspNet\RestBus.AspNet\RestBus.AspNet.xproj", "{3E4A99E2-391A-4D17-B0D3-15DEE6E045B6}"
EndProject
Project("{2150E333-8FDC-42A3-9474-1A3956D46DE8}") = "Solution Items", "Solution Items", "{9E0D2045-571A-49ED-A1B5-DBB936ED5CB7}"
	ProjectSection(SolutionItems) = preProject
		global.json = global.json
	EndProjectSection
EndProject
Project("{FAE04EC0-301F-11D3-BF4B-00C04F79EFBC}") = "RestBus.Client", "Common\RestBus.Client\RestBus.Client.csproj", "{E7B5B8E6-ED13-4204-9536-F51C46430FE1}"
EndProject
Global
	GlobalSection(SolutionConfigurationPlatforms) = preSolution
		Debug|Any CPU = Debug|Any CPU
		Release|Any CPU = Release|Any CPU
	EndGlobalSection
	GlobalSection(ProjectConfigurationPlatforms) = postSolution
		{C78C6BBB-F333-4163-9F07-D4FA7A7145DB}.Debug|Any CPU.ActiveCfg = Debug|Any CPU
		{C78C6BBB-F333-4163-9F07-D4FA7A7145DB}.Debug|Any CPU.Build.0 = Debug|Any CPU
		{C78C6BBB-F333-4163-9F07-D4FA7A7145DB}.Release|Any CPU.ActiveCfg = Release|Any CPU
		{C78C6BBB-F333-4163-9F07-D4FA7A7145DB}.Release|Any CPU.Build.0 = Release|Any CPU
		{91B9078A-9DC7-4CF9-9FF7-BB3E5CF6D8EF}.Debug|Any CPU.ActiveCfg = Debug|Any CPU
		{91B9078A-9DC7-4CF9-9FF7-BB3E5CF6D8EF}.Debug|Any CPU.Build.0 = Debug|Any CPU
		{91B9078A-9DC7-4CF9-9FF7-BB3E5CF6D8EF}.Release|Any CPU.ActiveCfg = Release|Any CPU
		{91B9078A-9DC7-4CF9-9FF7-BB3E5CF6D8EF}.Release|Any CPU.Build.0 = Release|Any CPU
		{E25D3130-4551-4CDE-8918-441367667E52}.Debug|Any CPU.ActiveCfg = Debug|Any CPU
		{E25D3130-4551-4CDE-8918-441367667E52}.Debug|Any CPU.Build.0 = Debug|Any CPU
		{E25D3130-4551-4CDE-8918-441367667E52}.Release|Any CPU.ActiveCfg = Release|Any CPU
		{E25D3130-4551-4CDE-8918-441367667E52}.Release|Any CPU.Build.0 = Release|Any CPU
		{ECCF6050-A89D-4570-8E1F-E524DA19EDC5}.Debug|Any CPU.ActiveCfg = Debug|Any CPU
		{ECCF6050-A89D-4570-8E1F-E524DA19EDC5}.Debug|Any CPU.Build.0 = Debug|Any CPU
		{ECCF6050-A89D-4570-8E1F-E524DA19EDC5}.Release|Any CPU.ActiveCfg = Release|Any CPU
		{ECCF6050-A89D-4570-8E1F-E524DA19EDC5}.Release|Any CPU.Build.0 = Release|Any CPU
		{CA13AFF8-BE69-416C-9CF2-A8029F9AC60C}.Debug|Any CPU.ActiveCfg = Debug|Any CPU
		{CA13AFF8-BE69-416C-9CF2-A8029F9AC60C}.Debug|Any CPU.Build.0 = Debug|Any CPU
		{CA13AFF8-BE69-416C-9CF2-A8029F9AC60C}.Release|Any CPU.ActiveCfg = Release|Any CPU
		{CA13AFF8-BE69-416C-9CF2-A8029F9AC60C}.Release|Any CPU.Build.0 = Release|Any CPU
		{3E4A99E2-391A-4D17-B0D3-15DEE6E045B6}.Debug|Any CPU.ActiveCfg = Debug|Any CPU
		{3E4A99E2-391A-4D17-B0D3-15DEE6E045B6}.Debug|Any CPU.Build.0 = Debug|Any CPU
		{3E4A99E2-391A-4D17-B0D3-15DEE6E045B6}.Release|Any CPU.ActiveCfg = Release|Any CPU
		{3E4A99E2-391A-4D17-B0D3-15DEE6E045B6}.Release|Any CPU.Build.0 = Release|Any CPU
		{E7B5B8E6-ED13-4204-9536-F51C46430FE1}.Debug|Any CPU.ActiveCfg = Debug|Any CPU
		{E7B5B8E6-ED13-4204-9536-F51C46430FE1}.Debug|Any CPU.Build.0 = Debug|Any CPU
		{E7B5B8E6-ED13-4204-9536-F51C46430FE1}.Release|Any CPU.ActiveCfg = Release|Any CPU
		{E7B5B8E6-ED13-4204-9536-F51C46430FE1}.Release|Any CPU.Build.0 = Release|Any CPU
	EndGlobalSection
	GlobalSection(SolutionProperties) = preSolution
		HideSolutionNode = FALSE
	EndGlobalSection
EndGlobal
